
Microsoft Visual Studio Solution File, Format Version 12.00
# Visual Studio Version 16
VisualStudioVersion = 16.0.31729.503
MinimumVisualStudioVersion = 10.0.40219.1
Project("{FAE04EC0-301F-11D3-BF4B-00C04F79EFBC}") = "Scientific_Calculator", "Scientific_Calculator\Scientific_Calculator.csproj", "{877FD51A-F445-4EFD-B7B9-07899072C1CE}"
EndProject
Global
	GlobalSection(SolutionConfigurationPlatforms) = preSolution
		Debug|Any CPU = Debug|Any CPU
		Release|Any CPU = Release|Any CPU
	EndGlobalSection
	GlobalSection(ProjectConfigurationPlatforms) = postSolution
		{877FD51A-F445-4EFD-B7B9-07899072C1CE}.Debug|Any CPU.ActiveCfg = Debug|Any CPU
		{877FD51A-F445-4EFD-B7B9-07899072C1CE}.Debug|Any CPU.Build.0 = Debug|Any CPU
		{877FD51A-F445-4EFD-B7B9-07899072C1CE}.Release|Any CPU.ActiveCfg = Release|Any CPU
		{877FD51A-F445-4EFD-B7B9-07899072C1CE}.Release|Any CPU.Build.0 = Release|Any CPU
	EndGlobalSection
	GlobalSection(SolutionProperties) = preSolution
		HideSolutionNode = FALSE
	EndGlobalSection
	GlobalSection(ExtensibilityGlobals) = postSolution
		SolutionGuid = {7AAA9761-30E6-4B8E-8E6B-0DAC934AACD2}
	EndGlobalSection
EndGlobal
